
Microsoft Visual Studio Solution File, Format Version 12.00
# Visual Studio Version 16
VisualStudioVersion = 16.0.29509.3
MinimumVisualStudioVersion = 10.0.40219.1
Project("{FAE04EC0-301F-11D3-BF4B-00C04F79EFBC}") = "SignalRCore3Test", "SignalRCore3Test.csproj", "{9B08CD9F-9FB7-43A9-84EB-0524F15445B6}"
EndProject
Global
	GlobalSection(SolutionConfigurationPlatforms) = preSolution
		Debug|Any CPU = Debug|Any CPU
		Release|Any CPU = Release|Any CPU
	EndGlobalSection
	GlobalSection(ProjectConfigurationPlatforms) = postSolution
		{9B08CD9F-9FB7-43A9-84EB-0524F15445B6}.Debug|Any CPU.ActiveCfg = Debug|Any CPU
		{9B08CD9F-9FB7-43A9-84EB-0524F15445B6}.Debug|Any CPU.Build.0 = Debug|Any CPU
		{9B08CD9F-9FB7-43A9-84EB-0524F15445B6}.Release|Any CPU.ActiveCfg = Release|Any CPU
		{9B08CD9F-9FB7-43A9-84EB-0524F15445B6}.Release|Any CPU.Build.0 = Release|Any CPU
	EndGlobalSection
	GlobalSection(SolutionProperties) = preSolution
		HideSolutionNode = FALSE
	EndGlobalSection
	GlobalSection(ExtensibilityGlobals) = postSolution
		SolutionGuid = {46BECECE-BA1A-482D-8C3F-933625D983A4}
	EndGlobalSection
EndGlobal
